
Microsoft Visual Studio Solution File, Format Version 12.00
# Visual Studio Version 16
VisualStudioVersion = 16.0.30413.136
MinimumVisualStudioVersion = 10.0.40219.1
Project("{9A19103F-16F7-4668-BE54-9A1E7A4F7556}") = "Lab03_EDII", "Lab03_EDII\Lab03_EDII.csproj", "{C8A94B8A-B001-4206-8974-2BFCC7D50EFC}"
EndProject
Project("{FAE04EC0-301F-11D3-BF4B-00C04F79EFBC}") = "BibliotecaDeClases", "BibliotecaDeClases\BibliotecaDeClases.csproj", "{178D33D7-C570-400F-887A-153CD1649D57}"
EndProject
Project("{FAE04EC0-301F-11D3-BF4B-00C04F79EFBC}") = "ConsolaDePruebas", "ConsolaDePruebas\ConsolaDePruebas.csproj", "{A0D2FB50-6409-409F-85B6-C71F36336196}"
EndProject
Global
	GlobalSection(SolutionConfigurationPlatforms) = preSolution
		Debug|Any CPU = Debug|Any CPU
		Release|Any CPU = Release|Any CPU
	EndGlobalSection
	GlobalSection(ProjectConfigurationPlatforms) = postSolution
		{C8A94B8A-B001-4206-8974-2BFCC7D50EFC}.Debug|Any CPU.ActiveCfg = Debug|Any CPU
		{C8A94B8A-B001-4206-8974-2BFCC7D50EFC}.Debug|Any CPU.Build.0 = Debug|Any CPU
		{C8A94B8A-B001-4206-8974-2BFCC7D50EFC}.Release|Any CPU.ActiveCfg = Release|Any CPU
		{C8A94B8A-B001-4206-8974-2BFCC7D50EFC}.Release|Any CPU.Build.0 = Release|Any CPU
		{178D33D7-C570-400F-887A-153CD1649D57}.Debug|Any CPU.ActiveCfg = Debug|Any CPU
		{178D33D7-C570-400F-887A-153CD1649D57}.Debug|Any CPU.Build.0 = Debug|Any CPU
		{178D33D7-C570-400F-887A-153CD1649D57}.Release|Any CPU.ActiveCfg = Release|Any CPU
		{178D33D7-C570-400F-887A-153CD1649D57}.Release|Any CPU.Build.0 = Release|Any CPU
		{A0D2FB50-6409-409F-85B6-C71F36336196}.Debug|Any CPU.ActiveCfg = Debug|Any CPU
		{A0D2FB50-6409-409F-85B6-C71F36336196}.Debug|Any CPU.Build.0 = Debug|Any CPU
		{A0D2FB50-6409-409F-85B6-C71F36336196}.Release|Any CPU.ActiveCfg = Release|Any CPU
		{A0D2FB50-6409-409F-85B6-C71F36336196}.Release|Any CPU.Build.0 = Release|Any CPU
	EndGlobalSection
	GlobalSection(SolutionProperties) = preSolution
		HideSolutionNode = FALSE
	EndGlobalSection
	GlobalSection(ExtensibilityGlobals) = postSolution
		SolutionGuid = {3FAAA28F-FCBD-4323-B6F6-39E01192BD83}
	EndGlobalSection
EndGlobal
